
Microsoft Visual Studio Solution File, Format Version 12.00
# Visual Studio 15
VisualStudioVersion = 15.0.26730.12
MinimumVisualStudioVersion = 10.0.40219.1
Project("{FAE04EC0-301F-11D3-BF4B-00C04F79EFBC}") = "AGB_PostKnight", "AGB_PostKnight\AGB_PostKnight.csproj", "{D1820E86-FBA4-4C0F-B5C1-A1065ED8D9A7}"
EndProject
Global
	GlobalSection(SolutionConfigurationPlatforms) = preSolution
		Debug|Any CPU = Debug|Any CPU
		Release|Any CPU = Release|Any CPU
	EndGlobalSection
	GlobalSection(ProjectConfigurationPlatforms) = postSolution
		{D1820E86-FBA4-4C0F-B5C1-A1065ED8D9A7}.Debug|Any CPU.ActiveCfg = Debug|Any CPU
		{D1820E86-FBA4-4C0F-B5C1-A1065ED8D9A7}.Debug|Any CPU.Build.0 = Debug|Any CPU
		{D1820E86-FBA4-4C0F-B5C1-A1065ED8D9A7}.Release|Any CPU.ActiveCfg = Release|Any CPU
		{D1820E86-FBA4-4C0F-B5C1-A1065ED8D9A7}.Release|Any CPU.Build.0 = Release|Any CPU
	EndGlobalSection
	GlobalSection(SolutionProperties) = preSolution
		HideSolutionNode = FALSE
	EndGlobalSection
	GlobalSection(ExtensibilityGlobals) = postSolution
		SolutionGuid = {38967666-12B7-4B6B-BBFC-2351C84F1705}
	EndGlobalSection
EndGlobal
